// !$*UTF8*$!
{
	archiveVersion = 1;
	classes = {
	};
	objectVersion = 56;
	objects = {

/* Begin PBXBuildFile section */
		6B30336F29FF5F1300CBA23C /* UIColor+.swift in Sources */ = {isa = PBXBuildFile; fileRef = 6B30336E29FF5F1300CBA23C /* UIColor+.swift */; };
		6B30337129FF5F7000CBA23C /* ListItem.swift in Sources */ = {isa = PBXBuildFile; fileRef = 6B30337029FF5F7000CBA23C /* ListItem.swift */; };
		6B30337329FF6A0100CBA23C /* ListSectionView.swift in Sources */ = {isa = PBXBuildFile; fileRef = 6B30337229FF6A0100CBA23C /* ListSectionView.swift */; };
		6B30337529FF6A1E00CBA23C /* ListCell.swift in Sources */ = {isa = PBXBuildFile; fileRef = 6B30337429FF6A1E00CBA23C /* ListCell.swift */; };
		6B3033BE2A0518AE00CBA23C /* main_1.png in Resources */ = {isa = PBXBuildFile; fileRef = 6B3033BC2A0518AE00CBA23C /* main_1.png */; };
		6B3033BF2A0518AE00CBA23C /* main_2.png in Resources */ = {isa = PBXBuildFile; fileRef = 6B3033BD2A0518AE00CBA23C /* main_2.png */; };
		6BDB3BD229FED04700B8EAA6 /* Swift_30_Projects_FacebookMeApp.swift in Sources */ = {isa = PBXBuildFile; fileRef = 6BDB3BD129FED04700B8EAA6 /* Swift_30_Projects_FacebookMeApp.swift */; };
		6BDB3BD429FED04700B8EAA6 /* FacebookMeView.swift in Sources */ = {isa = PBXBuildFile; fileRef = 6BDB3BD329FED04700B8EAA6 /* FacebookMeView.swift */; };
		6BDB3BD629FED04900B8EAA6 /* Assets.xcassets in Resources */ = {isa = PBXBuildFile; fileRef = 6BDB3BD529FED04900B8EAA6 /* Assets.xcassets */; };
		6BDB3BD929FED04900B8EAA6 /* Preview Assets.xcassets in Resources */ = {isa = PBXBuildFile; fileRef = 6BDB3BD829FED04900B8EAA6 /* Preview Assets.xcassets */; };
/* End PBXBuildFile section */

/* Begin PBXFileReference section */
		6B30336E29FF5F1300CBA23C /* UIColor+.swift */ = {isa = PBXFileReference; lastKnownFileType = sourcecode.swift; path = "UIColor+.swift"; sourceTree = "<group>"; };
		6B30337029FF5F7000CBA23C /* ListItem.swift */ = {isa = PBXFileReference; lastKnownFileType = sourcecode.swift; path = ListItem.swift; sourceTree = "<group>"; };
		6B30337229FF6A0100CBA23C /* ListSectionView.swift */ = {isa = PBXFileReference; lastKnownFileType = sourcecode.swift; path = ListSectionView.swift; sourceTree = "<group>"; };
		6B30337429FF6A1E00CBA23C /* ListCell.swift */ = {isa = PBXFileReference; lastKnownFileType = sourcecode.swift; path = ListCell.swift; sourceTree = "<group>"; };
		6B3033BA2A05169900CBA23C /* README.md */ = {isa = PBXFileReference; lastKnownFileType = net.daringfireball.markdown; path = README.md; sourceTree = "<group>"; };
		6B3033BC2A0518AE00CBA23C /* main_1.png */ = {isa = PBXFileReference; lastKnownFileType = image.png; path = main_1.png; sourceTree = "<group>"; };
		6B3033BD2A0518AE00CBA23C /* main_2.png */ = {isa = PBXFileReference; lastKnownFileType = image.png; path = main_2.png; sourceTree = "<group>"; };
		6BDB3BCE29FED04700B8EAA6 /* Swift_30_Projects_FacebookMe.app */ = {isa = PBXFileReference; explicitFileType = wrapper.application; includeInIndex = 0; path = Swift_30_Projects_FacebookMe.app; sourceTree = BUILT_PRODUCTS_DIR; };
		6BDB3BD129FED04700B8EAA6 /* Swift_30_Projects_FacebookMeApp.swift */ = {isa = PBXFileReference; lastKnownFileType = sourcecode.swift; path = Swift_30_Projects_FacebookMeApp.swift; sourceTree = "<group>"; };
		6BDB3BD329FED04700B8EAA6 /* FacebookMeView.swift */ = {isa = PBXFileReference; lastKnownFileType = sourcecode.swift; path = FacebookMeView.swift; sourceTree = "<group>"; };
		6BDB3BD529FED04900B8EAA6 /* Assets.xcassets */ = {isa = PBXFileReference; lastKnownFileType = folder.assetcatalog; path = Assets.xcassets; sourceTree = "<group>"; };
		6BDB3BD829FED04900B8EAA6 /* Preview Assets.xcassets */ = {isa = PBXFileReference; lastKnownFileType = folder.assetcatalog; path = "Preview Assets.xcassets"; sourceTree = "<group>"; };
/* End PBXFileReference section */

/* Begin PBXFrameworksBuildPhase section */
		6BDB3BCB29FED04700B8EAA6 /* Frameworks */ = {
			isa = PBXFrameworksBuildPhase;
			buildActionMask = 2147483647;
			files = (
			);
			runOnlyForDeploymentPostprocessing = 0;
		};
/* End PBXFrameworksBuildPhase section */

/* Begin PBXGroup section */
		6B3033BB2A05188D00CBA23C /* Images */ = {
			isa = PBXGroup;
			children = (
				6B3033BC2A0518AE00CBA23C /* main_1.png */,
				6B3033BD2A0518AE00CBA23C /* main_2.png */,
			);
			path = Images;
			sourceTree = "<group>";
		};
		6BDB3BC529FED04700B8EAA6 = {
			isa = PBXGroup;
			children = (
				6B3033BA2A05169900CBA23C /* README.md */,
				6B3033BB2A05188D00CBA23C /* Images */,
				6BDB3BD029FED04700B8EAA6 /* Swift_30_Projects_FacebookMe */,
				6BDB3BCF29FED04700B8EAA6 /* Products */,
			);
			sourceTree = "<group>";
		};
		6BDB3BCF29FED04700B8EAA6 /* Products */ = {
			isa = PBXGroup;
			children = (
				6BDB3BCE29FED04700B8EAA6 /* Swift_30_Projects_FacebookMe.app */,
			);
			name = Products;
			sourceTree = "<group>";
		};
		6BDB3BD029FED04700B8EAA6 /* Swift_30_Projects_FacebookMe */ = {
			isa = PBXGroup;
			children = (
				6BDB3BD129FED04700B8EAA6 /* Swift_30_Projects_FacebookMeApp.swift */,
				6BDB3BD329FED04700B8EAA6 /* FacebookMeView.swift */,
				6B30337429FF6A1E00CBA23C /* ListCell.swift */,
				6B30337229FF6A0100CBA23C /* ListSectionView.swift */,
				6B30337029FF5F7000CBA23C /* ListItem.swift */,
				6B30336E29FF5F1300CBA23C /* UIColor+.swift */,
				6BDB3BD529FED04900B8EAA6 /* Assets.xcassets */,
				6BDB3BD729FED04900B8EAA6 /* Preview Content */,
			);
			path = Swift_30_Projects_FacebookMe;
			sourceTree = "<group>";
		};
		6BDB3BD729FED04900B8EAA6 /* Preview Content */ = {
			isa = PBXGroup;
			children = (
				6BDB3BD829FED04900B8EAA6 /* Preview Assets.xcassets */,
			);
			path = "Preview Content";
			sourceTree = "<group>";
		};
/* End PBXGroup section */

/* Begin PBXNativeTarget section */
		6BDB3BCD29FED04700B8EAA6 /* Swift_30_Projects_FacebookMe */ = {
			isa = PBXNativeTarget;
			buildConfigurationList = 6BDB3BDC29FED04900B8EAA6 /* Build configuration list for PBXNativeTarget "Swift_30_Projects_FacebookMe" */;
			buildPhases = (
				6BDB3BCA29FED04700B8EAA6 /* Sources */,
				6BDB3BCB29FED04700B8EAA6 /* Frameworks */,
				6BDB3BCC29FED04700B8EAA6 /* Resources */,
			);
			buildRules = (
			);
			dependencies = (
			);
			name = Swift_30_Projects_FacebookMe;
			productName = Swift_30_Projects_FacebookMe;
			productReference = 6BDB3BCE29FED04700B8EAA6 /* Swift_30_Projects_FacebookMe.app */;
			productType = "com.apple.product-type.application";
		};
/* End PBXNativeTarget section */

/* Begin PBXProject section */
		6BDB3BC629FED04700B8EAA6 /* Project object */ = {
			isa = PBXProject;
			attributes = {
				BuildIndependentTargetsInParallel = 1;
				LastSwiftUpdateCheck = 1430;
				LastUpgradeCheck = 1430;
				TargetAttributes = {
					6BDB3BCD29FED04700B8EAA6 = {
						CreatedOnToolsVersion = 14.3;
					};
				};
			};
			buildConfigurationList = 6BDB3BC929FED04700B8EAA6 /* Build configuration list for PBXProject "Swift_30_Projects_FacebookMe" */;
			compatibilityVersion = "Xcode 14.0";
			developmentRegion = en;
			hasScannedForEncodings = 0;
			knownRegions = (
				en,
				Base,
			);
			mainGroup = 6BDB3BC529FED04700B8EAA6;
			productRefGroup = 6BDB3BCF29FED04700B8EAA6 /* Products */;
			projectDirPath = "";
			projectRoot = "";
			targets = (
				6BDB3BCD29FED04700B8EAA6 /* Swift_30_Projects_FacebookMe */,
			);
		};
/* End PBXProject section */

/* Begin PBXResourcesBuildPhase section */
		6BDB3BCC29FED04700B8EAA6 /* Resources */ = {
			isa = PBXResourcesBuildPhase;
			buildActionMask = 2147483647;
			files = (
				6BDB3BD929FED04900B8EAA6 /* Preview Assets.xcassets in Resources */,
				6B3033BE2A0518AE00CBA23C /* main_1.png in Resources */,
				6BDB3BD629FED04900B8EAA6 /* Assets.xcassets in Resources */,
				6B3033BF2A0518AE00CBA23C /* main_2.png in Resources */,
			);
			runOnlyForDeploymentPostprocessing = 0;
		};
/* End PBXResourcesBuildPhase section */

/* Begin PBXSourcesBuildPhase section */
		6BDB3BCA29FED04700B8EAA6 /* Sources */ = {
			isa = PBXSourcesBuildPhase;
			buildActionMask = 2147483647;
			files = (
				6B30337329FF6A0100CBA23C /* ListSectionView.swift in Sources */,
				6B30337129FF5F7000CBA23C /* ListItem.swift in Sources */,
				6BDB3BD429FED04700B8EAA6 /* FacebookMeView.swift in Sources */,
				6B30337529FF6A1E00CBA23C /* ListCell.swift in Sources */,
				6BDB3BD229FED04700B8EAA6 /* Swift_30_Projects_FacebookMeApp.swift in Sources */,
				6B30336F29FF5F1300CBA23C /* UIColor+.swift in Sources */,
			);
			runOnlyForDeploymentPostprocessing = 0;
		};
/* End PBXSourcesBuildPhase section */

/* Begin XCBuildConfiguration section */
		6BDB3BDA29FED04900B8EAA6 /* Debug */ = {
			isa = XCBuildConfiguration;
			buildSettings = {
				ALWAYS_SEARCH_USER_PATHS = NO;
				CLANG_ANALYZER_NONNULL = YES;
				CLANG_ANALYZER_NUMBER_OBJECT_CONVERSION = YES_AGGRESSIVE;
				CLANG_CXX_LANGUAGE_STANDARD = "gnu++20";
				CLANG_ENABLE_MODULES = YES;
				CLANG_ENABLE_OBJC_ARC = YES;
				CLANG_ENABLE_OBJC_WEAK = YES;
				CLANG_WARN_BLOCK_CAPTURE_AUTORELEASING = YES;
				CLANG_WARN_BOOL_CONVERSION = YES;
				CLANG_WARN_COMMA = YES;
				CLANG_WARN_CONSTANT_CONVERSION = YES;
				CLANG_WARN_DEPRECATED_OBJC_IMPLEMENTATIONS = YES;
				CLANG_WARN_DIRECT_OBJC_ISA_USAGE = YES_ERROR;
				CLANG_WARN_DOCUMENTATION_COMMENTS = YES;
				CLANG_WARN_EMPTY_BODY = YES;
				CLANG_WARN_ENUM_CONVERSION = YES;
				CLANG_WARN_INFINITE_RECURSION = YES;
				CLANG_WARN_INT_CONVERSION = YES;
				CLANG_WARN_NON_LITERAL_NULL_CONVERSION = YES;
				CLANG_WARN_OBJC_IMPLICIT_RETAIN_SELF = YES;
				CLANG_WARN_OBJC_LITERAL_CONVERSION = YES;
				CLANG_WARN_OBJC_ROOT_CLASS = YES_ERROR;
				CLANG_WARN_QUOTED_INCLUDE_IN_FRAMEWORK_HEADER = YES;
				CLANG_WARN_RANGE_LOOP_ANALYSIS = YES;
				CLANG_WARN_STRICT_PROTOTYPES = YES;
				CLANG_WARN_SUSPICIOUS_MOVE = YES;
				CLANG_WARN_UNGUARDED_AVAILABILITY = YES_AGGRESSIVE;
				CLANG_WARN_UNREACHABLE_CODE = YES;
				CLANG_WARN__DUPLICATE_METHOD_MATCH = YES;
				COPY_PHASE_STRIP = NO;
				DEBUG_INFORMATION_FORMAT = dwarf;
				ENABLE_STRICT_OBJC_MSGSEND = YES;
				ENABLE_TESTABILITY = YES;
				GCC_C_LANGUAGE_STANDARD = gnu11;
				GCC_DYNAMIC_NO_PIC = NO;
				GCC_NO_COMMON_BLOCKS = YES;
				GCC_OPTIMIZATION_LEVEL = 0;
				GCC_PREPROCESSOR_DEFINITIONS = (
					"DEBUG=1",
					"$(inherited)",
				);
				GCC_WARN_64_TO_32_BIT_CONVERSION = YES;
				GCC_WARN_ABOUT_RETURN_TYPE = YES_ERROR;
				GCC_WARN_UNDECLARED_SELECTOR = YES;
				GCC_WARN_UNINITIALIZED_AUTOS = YES_AGGRESSIVE;
				GCC_WARN_UNUSED_FUNCTION = YES;
				GCC_WARN_UNUSED_VARIABLE = YES;
				IPHONEOS_DEPLOYMENT_TARGET = 16.4;
				MTL_ENABLE_DEBUG_INFO = INCLUDE_SOURCE;
				MTL_FAST_MATH = YES;
				ONLY_ACTIVE_ARCH = YES;
				SDKROOT = iphoneos;
				SWIFT_ACTIVE_COMPILATION_CONDITIONS = DEBUG;
				SWIFT_OPTIMIZATION_LEVEL = "-Onone";
			};
			name = Debug;
		};
		6BDB3BDB29FED04900B8EAA6 /* Release */ = {
			isa = XCBuildConfiguration;
			buildSettings = {
				ALWAYS_SEARCH_USER_PATHS = NO;
				CLANG_ANALYZER_NONNULL = YES;
				CLANG_ANALYZER_NUMBER_OBJECT_CONVERSION = YES_AGGRESSIVE;
				CLANG_CXX_LANGUAGE_STANDARD = "gnu++20";
				CLANG_ENABLE_MODULES = YES;
				CLANG_ENABLE_OBJC_ARC = YES;
				CLANG_ENABLE_OBJC_WEAK = YES;
				CLANG_WARN_BLOCK_CAPTURE_AUTORELEASING = YES;
				CLANG_WARN_BOOL_CONVERSION = YES;
				CLANG_WARN_COMMA = YES;
				CLANG_WARN_CONSTANT_CONVERSION = YES;
				CLANG_WARN_DEPRECATED_OBJC_IMPLEMENTATIONS = YES;
				CLANG_WARN_DIRECT_OBJC_ISA_USAGE = YES_ERROR;
				CLANG_WARN_DOCUMENTATION_COMMENTS = YES;
				CLANG_WARN_EMPTY_BODY = YES;
				CLANG_WARN_ENUM_CONVERSION = YES;
				CLANG_WARN_INFINITE_RECURSION = YES;
				CLANG_WARN_INT_CONVERSION = YES;
				CLANG_WARN_NON_LITERAL_NULL_CONVERSION = YES;
				CLANG_WARN_OBJC_IMPLICIT_RETAIN_SELF = YES;
				CLANG_WARN_OBJC_LITERAL_CONVERSION = YES;
				CLANG_WARN_OBJC_ROOT_CLASS = YES_ERROR;
				CLANG_WARN_QUOTED_INCLUDE_IN_FRAMEWORK_HEADER = YES;
				CLANG_WARN_RANGE_LOOP_ANALYSIS = YES;
				CLANG_WARN_STRICT_PROTOTYPES = YES;
				CLANG_WARN_SUSPICIOUS_MOVE = YES;
				CLANG_WARN_UNGUARDED_AVAILABILITY = YES_AGGRESSIVE;
				CLANG_WARN_UNREACHABLE_CODE = YES;
				CLANG_WARN__DUPLICATE_METHOD_MATCH = YES;
				COPY_PHASE_STRIP = NO;
				DEBUG_INFORMATION_FORMAT = "dwarf-with-dsym";
				ENABLE_NS_ASSERTIONS = NO;
				ENABLE_STRICT_OBJC_MSGSEND = YES;
				GCC_C_LANGUAGE_STANDARD = gnu11;
				GCC_NO_COMMON_BLOCKS = YES;
				GCC_WARN_64_TO_32_BIT_CONVERSION = YES;
				GCC_WARN_ABOUT_RETURN_TYPE = YES_ERROR;
				GCC_WARN_UNDECLARED_SELECTOR = YES;
				GCC_WARN_UNINITIALIZED_AUTOS = YES_AGGRESSIVE;
				GCC_WARN_UNUSED_FUNCTION = YES;
				GCC_WARN_UNUSED_VARIABLE = YES;
				IPHONEOS_DEPLOYMENT_TARGET = 16.4;
				MTL_ENABLE_DEBUG_INFO = NO;
				MTL_FAST_MATH = YES;
				SDKROOT = iphoneos;
				SWIFT_COMPILATION_MODE = wholemodule;
				SWIFT_OPTIMIZATION_LEVEL = "-O";
				VALIDATE_PRODUCT = YES;
			};
			name = Release;
		};
		6BDB3BDD29FED04900B8EAA6 /* Debug */ = {
			isa = XCBuildConfiguration;
			buildSettings = {
				ASSETCATALOG_COMPILER_APPICON_NAME = AppIcon;
				ASSETCATALOG_COMPILER_GLOBAL_ACCENT_COLOR_NAME = AccentColor;
				CODE_SIGN_STYLE = Automatic;
				CURRENT_PROJECT_VERSION = 1;
				DEVELOPMENT_ASSET_PATHS = "\"Swift_30_Projects_FacebookMe/Preview Content\"";
				DEVELOPMENT_TEAM = TB9WF4459Q;
				ENABLE_PREVIEWS = YES;
				GENERATE_INFOPLIST_FILE = YES;
				INFOPLIST_KEY_UIApplicationSceneManifest_Generation = YES;
				INFOPLIST_KEY_UIApplicationSupportsIndirectInputEvents = YES;
				INFOPLIST_KEY_UILaunchScreen_Generation = YES;
				INFOPLIST_KEY_UISupportedInterfaceOrientations_iPad = "UIInterfaceOrientationPortrait UIInterfaceOrientationPortraitUpsideDown UIInterfaceOrientationLandscapeLeft UIInterfaceOrientationLandscapeRight";
				INFOPLIST_KEY_UISupportedInterfaceOrientations_iPhone = "UIInterfaceOrientationPortrait UIInterfaceOrientationLandscapeLeft UIInterfaceOrientationLandscapeRight";
				LD_RUNPATH_SEARCH_PATHS = (
					"$(inherited)",
					"@executable_path/Frameworks",
				);
				MARKETING_VERSION = 1.0;
				PRODUCT_BUNDLE_IDENTIFIER = "YC.Swift-30-Projects-FacebookMe";
				PRODUCT_NAME = "$(TARGET_NAME)";
				SWIFT_EMIT_LOC_STRINGS = YES;
				SWIFT_VERSION = 5.0;
				TARGETED_DEVICE_FAMILY = "1,2";
			};
			name = Debug;
		};
		6BDB3BDE29FED04900B8EAA6 /* Release */ = {
			isa = XCBuildConfiguration;
			buildSettings = {
				ASSETCATALOG_COMPILER_APPICON_NAME = AppIcon;
				ASSETCATALOG_COMPILER_GLOBAL_ACCENT_COLOR_NAME = AccentColor;
				CODE_SIGN_STYLE = Automatic;
				CURRENT_PROJECT_VERSION = 1;
				DEVELOPMENT_ASSET_PATHS = "\"Swift_30_Projects_FacebookMe/Preview Content\"";
				DEVELOPMENT_TEAM = TB9WF4459Q;
				ENABLE_PREVIEWS = YES;
				GENERATE_INFOPLIST_FILE = YES;
				INFOPLIST_KEY_UIApplicationSceneManifest_Generation = YES;
				INFOPLIST_KEY_UIApplicationSupportsIndirectInputEvents = YES;
				INFOPLIST_KEY_UILaunchScreen_Generation = YES;
				INFOPLIST_KEY_UISupportedInterfaceOrientations_iPad = "UIInterfaceOrientationPortrait UIInterfaceOrientationPortraitUpsideDown UIInterfaceOrientationLandscapeLeft UIInterfaceOrientationLandscapeRight";
				INFOPLIST_KEY_UISupportedInterfaceOrientations_iPhone = "UIInterfaceOrientationPortrait UIInterfaceOrientationLandscapeLeft UIInterfaceOrientationLandscapeRight";
				LD_RUNPATH_SEARCH_PATHS = (
					"$(inherited)",
					"@executable_path/Frameworks",
				);
				MARKETING_VERSION = 1.0;
				PRODUCT_BUNDLE_IDENTIFIER = "YC.Swift-30-Projects-FacebookMe";
				PRODUCT_NAME = "$(TARGET_NAME)";
				SWIFT_EMIT_LOC_STRINGS = YES;
				SWIFT_VERSION = 5.0;
				TARGETED_DEVICE_FAMILY = "1,2";
			};
			name = Release;
		};
/* End XCBuildConfiguration section */

/* Begin XCConfigurationList section */
		6BDB3BC929FED04700B8EAA6 /* Build configuration list for PBXProject "Swift_30_Projects_FacebookMe" */ = {
			isa = XCConfigurationList;
			buildConfigurations = (
				6BDB3BDA29FED04900B8EAA6 /* Debug */,
				6BDB3BDB29FED04900B8EAA6 /* Release */,
			);
			defaultConfigurationIsVisible = 0;
			defaultConfigurationName = Release;
		};
		6BDB3BDC29FED04900B8EAA6 /* Build configuration list for PBXNativeTarget "Swift_30_Projects_FacebookMe" */ = {
			isa = XCConfigurationList;
			buildConfigurations = (
				6BDB3BDD29FED04900B8EAA6 /* Debug */,
				6BDB3BDE29FED04900B8EAA6 /* Release */,
			);
			defaultConfigurationIsVisible = 0;
			defaultConfigurationName = Release;
		};
/* End XCConfigurationList section */
	};
	rootObject = 6BDB3BC629FED04700B8EAA6 /* Project object */;
}
